{
  "lockfileVersion": 1,
  "workspaces": {
    "": {
      "name": "brickchain",
      "dependencies": {
        "@types/typescript": "^2.0.0",
        "typescript": "^5.9.3",
      },
    },
  },
  "packages": {
    "@types/typescript": ["@types/typescript@2.0.0", "", { "dependencies": { "typescript": "*" } }, "sha512-WMEWfMISiJ2QKyk5/dSdgL0ZwP//PZj0jmDU0hMh51FmLq4WIYzjlngsUQZXejQL+QtkXJUOGjb3G3UCvgZuSQ=="],

    "typescript": ["typescript@5.9.3", "", { "bin": { "tsc": "bin/tsc", "tsserver": "bin/tsserver" } }, "sha512-jl1vZzPDinLr9eUt3J/t7V6FgNEw9QjvBPdysz9KfQDD41fQrC2Y4vKQdiaUpFT4bXlb1RHhLpp8wtm6M5TgSw=="],
  }
}
